
Microsoft Visual Studio Solution File, Format Version 12.00
# Visual Studio Version 17
VisualStudioVersion = 17.4.33213.308
MinimumVisualStudioVersion = 10.0.40219.1
Project("{FAE04EC0-301F-11D3-BF4B-00C04F79EFBC}") = "Calculator", "Calculator\Calculator.csproj", "{A2489F82-BA15-4826-86F4-100314CF245A}"
EndProject
Global
	GlobalSection(SolutionConfigurationPlatforms) = preSolution
		Debug|Any CPU = Debug|Any CPU
		Release|Any CPU = Release|Any CPU
	EndGlobalSection
	GlobalSection(ProjectConfigurationPlatforms) = postSolution
		{A2489F82-BA15-4826-86F4-100314CF245A}.Debug|Any CPU.ActiveCfg = Debug|Any CPU
		{A2489F82-BA15-4826-86F4-100314CF245A}.Debug|Any CPU.Build.0 = Debug|Any CPU
		{A2489F82-BA15-4826-86F4-100314CF245A}.Release|Any CPU.ActiveCfg = Release|Any CPU
		{A2489F82-BA15-4826-86F4-100314CF245A}.Release|Any CPU.Build.0 = Release|Any CPU
	EndGlobalSection
	GlobalSection(SolutionProperties) = preSolution
		HideSolutionNode = FALSE
	EndGlobalSection
	GlobalSection(ExtensibilityGlobals) = postSolution
		SolutionGuid = {F6BA82F7-7567-4E47-91A5-772A5C8ED181}
	EndGlobalSection
EndGlobal
